
Microsoft Visual Studio Solution File, Format Version 12.00
# Visual Studio Version 17
VisualStudioVersion = 17.14.36429.23 d17.14
MinimumVisualStudioVersion = 10.0.40219.1
Project("{FAE04EC0-301F-11D3-BF4B-00C04F79EFBC}") = "StockDamage.Web", "StockDamage.Web\StockDamage.Web.csproj", "{236F2ACA-10BC-4D93-A183-F75ED9CAF4A4}"
EndProject
Global
	GlobalSection(SolutionConfigurationPlatforms) = preSolution
		Debug|Any CPU = Debug|Any CPU
		Release|Any CPU = Release|Any CPU
	EndGlobalSection
	GlobalSection(ProjectConfigurationPlatforms) = postSolution
		{236F2ACA-10BC-4D93-A183-F75ED9CAF4A4}.Debug|Any CPU.ActiveCfg = Debug|Any CPU
		{236F2ACA-10BC-4D93-A183-F75ED9CAF4A4}.Debug|Any CPU.Build.0 = Debug|Any CPU
		{236F2ACA-10BC-4D93-A183-F75ED9CAF4A4}.Release|Any CPU.ActiveCfg = Release|Any CPU
		{236F2ACA-10BC-4D93-A183-F75ED9CAF4A4}.Release|Any CPU.Build.0 = Release|Any CPU
	EndGlobalSection
	GlobalSection(SolutionProperties) = preSolution
		HideSolutionNode = FALSE
	EndGlobalSection
	GlobalSection(ExtensibilityGlobals) = postSolution
		SolutionGuid = {AD889413-DE5C-460B-B1B0-0B0996C99074}
	EndGlobalSection
EndGlobal
